Microsoft Visual Studio Solution File, Format Version 12.00
# Visual Studio Version 18
VisualStudioVersion = 18.3.11310.294
MinimumVisualStudioVersion = 10.0.40219.1
Project("{9A19103F-16F7-4668-BE54-9A1E7A4F7556}") = "PCIShield.BlazorMauiShared", "src\PCIShield.BlazorMauiShared\PCIShield.BlazorMauiShared.csproj", "{1DC28838-9D19-4163-8924-E4FF807829C3}"
	ProjectSection(ProjectDependencies) = postProject
		{9E815A36-42B2-4CDA-B671-41794EC316B1} = {9E815A36-42B2-4CDA-B671-41794EC316B1}
		{F9A592EF-4182-4848-A53A-87D8CA600554} = {F9A592EF-4182-4848-A53A-87D8CA600554}
	EndProjectSection
EndProject
Project("{9A19103F-16F7-4668-BE54-9A1E7A4F7556}") = "PCIShield.Api", "src\PCIShield.Api\PCIShield.Api.csproj", "{7A22046C-CF2C-424A-880E-62D64EF48217}"
EndProject
Project("{9A19103F-16F7-4668-BE54-9A1E7A4F7556}") = "PCIShield.Infrastructure", "src\PCIShield.Infrastructure\PCIShield.Infrastructure.csproj", "{9E815A36-42B2-4CDA-B671-41794EC316B1}"
EndProject
Project("{9A19103F-16F7-4668-BE54-9A1E7A4F7556}") = "PCIShield.Domain", "src\PCIShield.Domain\PCIShield.Domain.csproj", "{B1A77ACF-154A-495F-8426-5D5AFB44A921}"
EndProject
Project("{9A19103F-16F7-4668-BE54-9A1E7A4F7556}") = "PCIShieldLib.SharedKernel", "src\PCIShieldL.SharedKernel\PCIShieldLib.SharedKernel.csproj", "{F9A592EF-4182-4848-A53A-87D8CA600554}"
EndProject
Project("{E53339B2-1760-4266-BCC7-CA923CBCF16C}") = "docker-compose", "docker-compose.dcproj", "{B18C822B-213B-40A8-AAE3-9B1DB816948E}"
EndProject
Project("{9A19103F-16F7-4668-BE54-9A1E7A4F7556}") = "PCIShield.BlazorAdmin", "src\PCIShield.BlazorAdmin\PCIShield.BlazorAdmin\PCIShield.BlazorAdmin.csproj", "{DFBB2C01-2A17-4242-8598-C1098D39BDFA}"
EndProject
Project("{9A19103F-16F7-4668-BE54-9A1E7A4F7556}") = "PCIShield.BlazorAdmin.Client", "src\PCIShield.BlazorAdmin\PCIShield.BlazorAdmin.Client\PCIShield.BlazorAdmin.Client.csproj", "{D246690F-3BD9-486D-8CEC-E60772819AA9}"
EndProject
Project("{9A19103F-16F7-4668-BE54-9A1E7A4F7556}") = "PCIShield.Client.Services", "src\PCIShield.Client.Services\PCIShield.Client.Services.csproj", "{E771BC56-683E-4607-9EF5-59AD36DF3578}"
EndProject
Project("{FAE04EC0-301F-11D3-BF4B-00C04F79EFBC}") = "PCIShield.PerformanceTests", "src\PCIShield.PerformanceTests\PCIShield.PerformanceTests.csproj", "{31FC1436-7AE2-2D48-EBFD-C03E42FD5ED0}"
EndProject
Global
	GlobalSection(SolutionConfigurationPlatforms) = preSolution
		Debug|Any CPU = Debug|Any CPU
		Debug|ARM32 = Debug|ARM32
		Debug|ARM64 = Debug|ARM64
		Release|Any CPU = Release|Any CPU
		Release|ARM32 = Release|ARM32
		Release|ARM64 = Release|ARM64
	EndGlobalSection
	GlobalSection(ProjectConfigurationPlatforms) = postSolution
		{1DC28838-9D19-4163-8924-E4FF807829C3}.Debug|Any CPU.ActiveCfg = Debug|Any CPU
		{1DC28838-9D19-4163-8924-E4FF807829C3}.Debug|Any CPU.Build.0 = Debug|Any CPU
		{1DC28838-9D19-4163-8924-E4FF807829C3}.Debug|ARM32.ActiveCfg = Debug|Any CPU
		{1DC28838-9D19-4163-8924-E4FF807829C3}.Debug|ARM32.Build.0 = Debug|Any CPU
		{1DC28838-9D19-4163-8924-E4FF807829C3}.Debug|ARM64.ActiveCfg = Debug|Any CPU
		{1DC28838-9D19-4163-8924-E4FF807829C3}.Debug|ARM64.Build.0 = Debug|Any CPU
		{1DC28838-9D19-4163-8924-E4FF807829C3}.Release|Any CPU.ActiveCfg = Release|Any CPU
		{1DC28838-9D19-4163-8924-E4FF807829C3}.Release|Any CPU.Build.0 = Release|Any CPU
		{1DC28838-9D19-4163-8924-E4FF807829C3}.Release|ARM32.ActiveCfg = Release|Any CPU
		{1DC28838-9D19-4163-8924-E4FF807829C3}.Release|ARM32.Build.0 = Release|Any CPU
		{1DC28838-9D19-4163-8924-E4FF807829C3}.Release|ARM64.ActiveCfg = Release|Any CPU
		{1DC28838-9D19-4163-8924-E4FF807829C3}.Release|ARM64.Build.0 = Release|Any CPU
		{7A22046C-CF2C-424A-880E-62D64EF48217}.Debug|Any CPU.ActiveCfg = Debug|Any CPU
		{7A22046C-CF2C-424A-880E-62D64EF48217}.Debug|Any CPU.Build.0 = Debug|Any CPU
		{7A22046C-CF2C-424A-880E-62D64EF48217}.Debug|Any CPU.Deploy.0 = Debug|Any CPU
		{7A22046C-CF2C-424A-880E-62D64EF48217}.Debug|ARM32.ActiveCfg = Debug|Any CPU
		{7A22046C-CF2C-424A-880E-62D64EF48217}.Debug|ARM32.Build.0 = Debug|Any CPU
		{7A22046C-CF2C-424A-880E-62D64EF48217}.Debug|ARM64.ActiveCfg = Debug|Any CPU
		{7A22046C-CF2C-424A-880E-62D64EF48217}.Debug|ARM64.Build.0 = Debug|Any CPU
		{7A22046C-CF2C-424A-880E-62D64EF48217}.Release|Any CPU.ActiveCfg = Release|Any CPU
		{7A22046C-CF2C-424A-880E-62D64EF48217}.Release|Any CPU.Build.0 = Release|Any CPU
		{7A22046C-CF2C-424A-880E-62D64EF48217}.Release|ARM32.ActiveCfg = Release|Any CPU
		{7A22046C-CF2C-424A-880E-62D64EF48217}.Release|ARM32.Build.0 = Release|Any CPU
		{7A22046C-CF2C-424A-880E-62D64EF48217}.Release|ARM64.ActiveCfg = Release|Any CPU
		{7A22046C-CF2C-424A-880E-62D64EF48217}.Release|ARM64.Build.0 = Release|Any CPU
		{9E815A36-42B2-4CDA-B671-41794EC316B1}.Debug|Any CPU.ActiveCfg = Debug|Any CPU
		{9E815A36-42B2-4CDA-B671-41794EC316B1}.Debug|Any CPU.Build.0 = Debug|Any CPU
		{9E815A36-42B2-4CDA-B671-41794EC316B1}.Debug|ARM32.ActiveCfg = Debug|Any CPU
		{9E815A36-42B2-4CDA-B671-41794EC316B1}.Debug|ARM32.Build.0 = Debug|Any CPU
		{9E815A36-42B2-4CDA-B671-41794EC316B1}.Debug|ARM64.ActiveCfg = Debug|Any CPU
		{9E815A36-42B2-4CDA-B671-41794EC316B1}.Debug|ARM64.Build.0 = Debug|Any CPU
		{9E815A36-42B2-4CDA-B671-41794EC316B1}.Release|Any CPU.ActiveCfg = Release|Any CPU
		{9E815A36-42B2-4CDA-B671-41794EC316B1}.Release|Any CPU.Build.0 = Release|Any CPU
		{9E815A36-42B2-4CDA-B671-41794EC316B1}.Release|ARM32.ActiveCfg = Release|Any CPU
		{9E815A36-42B2-4CDA-B671-41794EC316B1}.Release|ARM32.Build.0 = Release|Any CPU
		{9E815A36-42B2-4CDA-B671-41794EC316B1}.Release|ARM64.ActiveCfg = Release|Any CPU
		{9E815A36-42B2-4CDA-B671-41794EC316B1}.Release|ARM64.Build.0 = Release|Any CPU
		{B1A77ACF-154A-495F-8426-5D5AFB44A921}.Debug|Any CPU.ActiveCfg = Debug|Any CPU
		{B1A77ACF-154A-495F-8426-5D5AFB44A921}.Debug|Any CPU.Build.0 = Debug|Any CPU
		{B1A77ACF-154A-495F-8426-5D5AFB44A921}.Debug|ARM32.ActiveCfg = Debug|Any CPU
		{B1A77ACF-154A-495F-8426-5D5AFB44A921}.Debug|ARM32.Build.0 = Debug|Any CPU
		{B1A77ACF-154A-495F-8426-5D5AFB44A921}.Debug|ARM64.ActiveCfg = Debug|Any CPU
		{B1A77ACF-154A-495F-8426-5D5AFB44A921}.Debug|ARM64.Build.0 = Debug|Any CPU
		{B1A77ACF-154A-495F-8426-5D5AFB44A921}.Release|Any CPU.ActiveCfg = Release|Any CPU
		{B1A77ACF-154A-495F-8426-5D5AFB44A921}.Release|Any CPU.Build.0 = Release|Any CPU
		{B1A77ACF-154A-495F-8426-5D5AFB44A921}.Release|ARM32.ActiveCfg = Release|Any CPU
		{B1A77ACF-154A-495F-8426-5D5AFB44A921}.Release|ARM32.Build.0 = Release|Any CPU
		{B1A77ACF-154A-495F-8426-5D5AFB44A921}.Release|ARM64.ActiveCfg = Release|Any CPU
		{B1A77ACF-154A-495F-8426-5D5AFB44A921}.Release|ARM64.Build.0 = Release|Any CPU
		{F9A592EF-4182-4848-A53A-87D8CA600554}.Debug|Any CPU.ActiveCfg = Debug|Any CPU
		{F9A592EF-4182-4848-A53A-87D8CA600554}.Debug|Any CPU.Build.0 = Debug|Any CPU
		{F9A592EF-4182-4848-A53A-87D8CA600554}.Debug|ARM32.ActiveCfg = Debug|Any CPU
		{F9A592EF-4182-4848-A53A-87D8CA600554}.Debug|ARM32.Build.0 = Debug|Any CPU
		{F9A592EF-4182-4848-A53A-87D8CA600554}.Debug|ARM64.ActiveCfg = Debug|Any CPU
		{F9A592EF-4182-4848-A53A-87D8CA600554}.Debug|ARM64.Build.0 = Debug|Any CPU
		{F9A592EF-4182-4848-A53A-87D8CA600554}.Release|Any CPU.ActiveCfg = Release|Any CPU
		{F9A592EF-4182-4848-A53A-87D8CA600554}.Release|Any CPU.Build.0 = Release|Any CPU
		{F9A592EF-4182-4848-A53A-87D8CA600554}.Release|ARM32.ActiveCfg = Release|Any CPU
		{F9A592EF-4182-4848-A53A-87D8CA600554}.Release|ARM32.Build.0 = Release|Any CPU
		{F9A592EF-4182-4848-A53A-87D8CA600554}.Release|ARM64.ActiveCfg = Release|Any CPU
		{F9A592EF-4182-4848-A53A-87D8CA600554}.Release|ARM64.Build.0 = Release|Any CPU
		{B18C822B-213B-40A8-AAE3-9B1DB816948E}.Debug|Any CPU.ActiveCfg = Debug|Any CPU
		{B18C822B-213B-40A8-AAE3-9B1DB816948E}.Debug|ARM32.ActiveCfg = Debug|Any CPU
		{B18C822B-213B-40A8-AAE3-9B1DB816948E}.Debug|ARM32.Build.0 = Debug|Any CPU
		{B18C822B-213B-40A8-AAE3-9B1DB816948E}.Debug|ARM64.ActiveCfg = Debug|Any CPU
		{B18C822B-213B-40A8-AAE3-9B1DB816948E}.Debug|ARM64.Build.0 = Debug|Any CPU
		{B18C822B-213B-40A8-AAE3-9B1DB816948E}.Release|Any CPU.ActiveCfg = Release|Any CPU
		{B18C822B-213B-40A8-AAE3-9B1DB816948E}.Release|Any CPU.Build.0 = Release|Any CPU
		{B18C822B-213B-40A8-AAE3-9B1DB816948E}.Release|ARM32.ActiveCfg = Release|Any CPU
		{B18C822B-213B-40A8-AAE3-9B1DB816948E}.Release|ARM32.Build.0 = Release|Any CPU
		{B18C822B-213B-40A8-AAE3-9B1DB816948E}.Release|ARM64.ActiveCfg = Release|Any CPU
		{B18C822B-213B-40A8-AAE3-9B1DB816948E}.Release|ARM64.Build.0 = Release|Any CPU
		{DFBB2C01-2A17-4242-8598-C1098D39BDFA}.Debug|Any CPU.ActiveCfg = Debug|Any CPU
		{DFBB2C01-2A17-4242-8598-C1098D39BDFA}.Debug|Any CPU.Build.0 = Debug|Any CPU
		{DFBB2C01-2A17-4242-8598-C1098D39BDFA}.Debug|ARM32.ActiveCfg = Debug|Any CPU
		{DFBB2C01-2A17-4242-8598-C1098D39BDFA}.Debug|ARM32.Build.0 = Debug|Any CPU
		{DFBB2C01-2A17-4242-8598-C1098D39BDFA}.Debug|ARM64.ActiveCfg = Debug|Any CPU
		{DFBB2C01-2A17-4242-8598-C1098D39BDFA}.Debug|ARM64.Build.0 = Debug|Any CPU
		{DFBB2C01-2A17-4242-8598-C1098D39BDFA}.Release|Any CPU.ActiveCfg = Release|Any CPU
		{DFBB2C01-2A17-4242-8598-C1098D39BDFA}.Release|Any CPU.Build.0 = Release|Any CPU
		{DFBB2C01-2A17-4242-8598-C1098D39BDFA}.Release|ARM32.ActiveCfg = Release|Any CPU
		{DFBB2C01-2A17-4242-8598-C1098D39BDFA}.Release|ARM32.Build.0 = Release|Any CPU
		{DFBB2C01-2A17-4242-8598-C1098D39BDFA}.Release|ARM64.ActiveCfg = Release|Any CPU
		{DFBB2C01-2A17-4242-8598-C1098D39BDFA}.Release|ARM64.Build.0 = Release|Any CPU
		{D246690F-3BD9-486D-8CEC-E60772819AA9}.Debug|Any CPU.ActiveCfg = Debug|Any CPU
		{D246690F-3BD9-486D-8CEC-E60772819AA9}.Debug|Any CPU.Build.0 = Debug|Any CPU
		{D246690F-3BD9-486D-8CEC-E60772819AA9}.Debug|ARM32.ActiveCfg = Debug|Any CPU
		{D246690F-3BD9-486D-8CEC-E60772819AA9}.Debug|ARM32.Build.0 = Debug|Any CPU
		{D246690F-3BD9-486D-8CEC-E60772819AA9}.Debug|ARM64.ActiveCfg = Debug|Any CPU
		{D246690F-3BD9-486D-8CEC-E60772819AA9}.Debug|ARM64.Build.0 = Debug|Any CPU
		{D246690F-3BD9-486D-8CEC-E60772819AA9}.Release|Any CPU.ActiveCfg = Release|Any CPU
		{D246690F-3BD9-486D-8CEC-E60772819AA9}.Release|Any CPU.Build.0 = Release|Any CPU
		{D246690F-3BD9-486D-8CEC-E60772819AA9}.Release|ARM32.ActiveCfg = Release|Any CPU
		{D246690F-3BD9-486D-8CEC-E60772819AA9}.Release|ARM32.Build.0 = Release|Any CPU
		{D246690F-3BD9-486D-8CEC-E60772819AA9}.Release|ARM64.ActiveCfg = Release|Any CPU
		{D246690F-3BD9-486D-8CEC-E60772819AA9}.Release|ARM64.Build.0 = Release|Any CPU
		{E771BC56-683E-4607-9EF5-59AD36DF3578}.Debug|Any CPU.ActiveCfg = Debug|Any CPU
		{E771BC56-683E-4607-9EF5-59AD36DF3578}.Debug|Any CPU.Build.0 = Debug|Any CPU
		{E771BC56-683E-4607-9EF5-59AD36DF3578}.Debug|ARM32.ActiveCfg = Debug|Any CPU
		{E771BC56-683E-4607-9EF5-59AD36DF3578}.Debug|ARM32.Build.0 = Debug|Any CPU
		{E771BC56-683E-4607-9EF5-59AD36DF3578}.Debug|ARM64.ActiveCfg = Debug|Any CPU
		{E771BC56-683E-4607-9EF5-59AD36DF3578}.Debug|ARM64.Build.0 = Debug|Any CPU
		{E771BC56-683E-4607-9EF5-59AD36DF3578}.Release|Any CPU.ActiveCfg = Release|Any CPU
		{E771BC56-683E-4607-9EF5-59AD36DF3578}.Release|Any CPU.Build.0 = Release|Any CPU
		{E771BC56-683E-4607-9EF5-59AD36DF3578}.Release|ARM32.ActiveCfg = Release|Any CPU
		{E771BC56-683E-4607-9EF5-59AD36DF3578}.Release|ARM32.Build.0 = Release|Any CPU
		{E771BC56-683E-4607-9EF5-59AD36DF3578}.Release|ARM64.ActiveCfg = Release|Any CPU
		{E771BC56-683E-4607-9EF5-59AD36DF3578}.Release|ARM64.Build.0 = Release|Any CPU
		{31FC1436-7AE2-2D48-EBFD-C03E42FD5ED0}.Debug|Any CPU.ActiveCfg = Debug|Any CPU
		{31FC1436-7AE2-2D48-EBFD-C03E42FD5ED0}.Debug|Any CPU.Build.0 = Debug|Any CPU
		{31FC1436-7AE2-2D48-EBFD-C03E42FD5ED0}.Debug|ARM32.ActiveCfg = Debug|Any CPU
		{31FC1436-7AE2-2D48-EBFD-C03E42FD5ED0}.Debug|ARM32.Build.0 = Debug|Any CPU
		{31FC1436-7AE2-2D48-EBFD-C03E42FD5ED0}.Debug|ARM64.ActiveCfg = Debug|Any CPU
		{31FC1436-7AE2-2D48-EBFD-C03E42FD5ED0}.Debug|ARM64.Build.0 = Debug|Any CPU
		{31FC1436-7AE2-2D48-EBFD-C03E42FD5ED0}.Release|Any CPU.ActiveCfg = Release|Any CPU
		{31FC1436-7AE2-2D48-EBFD-C03E42FD5ED0}.Release|Any CPU.Build.0 = Release|Any CPU
		{31FC1436-7AE2-2D48-EBFD-C03E42FD5ED0}.Release|ARM32.ActiveCfg = Release|Any CPU
		{31FC1436-7AE2-2D48-EBFD-C03E42FD5ED0}.Release|ARM32.Build.0 = Release|Any CPU
		{31FC1436-7AE2-2D48-EBFD-C03E42FD5ED0}.Release|ARM64.ActiveCfg = Release|Any CPU
		{31FC1436-7AE2-2D48-EBFD-C03E42FD5ED0}.Release|ARM64.Build.0 = Release|Any CPU
	EndGlobalSection
	GlobalSection(SolutionProperties) = preSolution
		HideSolutionNode = FALSE
	EndGlobalSection
	GlobalSection(ExtensibilityGlobals) = postSolution
		SolutionGuid = {63EA507C-70EA-4E8A-A9BA-5357264ABB8D}
	EndGlobalSection
EndGlobal
